
Microsoft Visual Studio Solution File, Format Version 12.00
# Visual Studio Version 17
VisualStudioVersion = 17.10.35013.160
MinimumVisualStudioVersion = 10.0.40219.1
Project("{FAE04EC0-301F-11D3-BF4B-00C04F79EFBC}") = "piconavxlib", "piconavxlib\piconavxlib.csproj", "{7CE73B68-05BD-44B8-A86B-7C54F4328308}"
EndProject
Project("{FAE04EC0-301F-11D3-BF4B-00C04F79EFBC}") = "piconavxtest", "piconavxtest\piconavxtest.csproj", "{1BAFE70E-C560-4620-9C5B-E2B15AC11C06}"
EndProject
Project("{FAE04EC0-301F-11D3-BF4B-00C04F79EFBC}") = "piconavxui", "piconavxui\piconavxui.csproj", "{5BDEE6EC-4D46-48F5-8E9A-70016A0248BB}"
EndProject
Global
	GlobalSection(SolutionConfigurationPlatforms) = preSolution
		Debug|Any CPU = Debug|Any CPU
		Release|Any CPU = Release|Any CPU
	EndGlobalSection
	GlobalSection(ProjectConfigurationPlatforms) = postSolution
		{7CE73B68-05BD-44B8-A86B-7C54F4328308}.Debug|Any CPU.ActiveCfg = Debug|Any CPU
		{7CE73B68-05BD-44B8-A86B-7C54F4328308}.Debug|Any CPU.Build.0 = Debug|Any CPU
		{7CE73B68-05BD-44B8-A86B-7C54F4328308}.Release|Any CPU.ActiveCfg = Release|Any CPU
		{7CE73B68-05BD-44B8-A86B-7C54F4328308}.Release|Any CPU.Build.0 = Release|Any CPU
		{1BAFE70E-C560-4620-9C5B-E2B15AC11C06}.Debug|Any CPU.ActiveCfg = Debug|Any CPU
		{1BAFE70E-C560-4620-9C5B-E2B15AC11C06}.Debug|Any CPU.Build.0 = Debug|Any CPU
		{1BAFE70E-C560-4620-9C5B-E2B15AC11C06}.Release|Any CPU.ActiveCfg = Release|Any CPU
		{1BAFE70E-C560-4620-9C5B-E2B15AC11C06}.Release|Any CPU.Build.0 = Release|Any CPU
		{5BDEE6EC-4D46-48F5-8E9A-70016A0248BB}.Debug|Any CPU.ActiveCfg = Debug|Any CPU
		{5BDEE6EC-4D46-48F5-8E9A-70016A0248BB}.Debug|Any CPU.Build.0 = Debug|Any CPU
		{5BDEE6EC-4D46-48F5-8E9A-70016A0248BB}.Release|Any CPU.ActiveCfg = Release|Any CPU
		{5BDEE6EC-4D46-48F5-8E9A-70016A0248BB}.Release|Any CPU.Build.0 = Release|Any CPU
	EndGlobalSection
	GlobalSection(SolutionProperties) = preSolution
		HideSolutionNode = FALSE
	EndGlobalSection
	GlobalSection(ExtensibilityGlobals) = postSolution
		SolutionGuid = {A1E9F5F6-D16E-446E-B6B9-D2196F2B3E23}
	EndGlobalSection
EndGlobal
